// !$*UTF8*$!
{
	archiveVersion = 1;
	classes = {
	};
	objectVersion = 56;
	objects = {

/* Begin PBXBuildFile section */
		F11B54FD2BB8802D0010CE0A /* TabNavigation.swift in Sources */ = {isa = PBXBuildFile; fileRef = F11B54FC2BB8802D0010CE0A /* TabNavigation.swift */; };
		F120C5152BB3A8D8001D26CC /* Login.swift in Sources */ = {isa = PBXBuildFile; fileRef = F120C5142BB3A8D8001D26CC /* Login.swift */; };
		F120C5172BB3A8E4001D26CC /* Register.swift in Sources */ = {isa = PBXBuildFile; fileRef = F120C5162BB3A8E4001D26CC /* Register.swift */; };
		F16D04692BB88B9D007BD0E9 /* Home.swift in Sources */ = {isa = PBXBuildFile; fileRef = F16D04682BB88B9D007BD0E9 /* Home.swift */; };
		F16D046B2BB88BA7007BD0E9 /* Profile.swift in Sources */ = {isa = PBXBuildFile; fileRef = F16D046A2BB88BA7007BD0E9 /* Profile.swift */; };
		F16D046D2BB88BB6007BD0E9 /* Games.swift in Sources */ = {isa = PBXBuildFile; fileRef = F16D046C2BB88BB6007BD0E9 /* Games.swift */; };
		F16D046F2BB88BC0007BD0E9 /* Favorites.swift in Sources */ = {isa = PBXBuildFile; fileRef = F16D046E2BB88BC0007BD0E9 /* Favorites.swift */; };
		F1856A272BD87DB600EF7D28 /* VideoHeader.swift in Sources */ = {isa = PBXBuildFile; fileRef = F1856A262BD87DB600EF7D28 /* VideoHeader.swift */; };
		F1856A292BD9C1CF00EF7D28 /* VideoInfo.swift in Sources */ = {isa = PBXBuildFile; fileRef = F1856A282BD9C1CF00EF7D28 /* VideoInfo.swift */; };
		F1856A2B2BD9C96100EF7D28 /* ImageGallery.swift in Sources */ = {isa = PBXBuildFile; fileRef = F1856A2A2BD9C96100EF7D28 /* ImageGallery.swift */; };
		F1856A2D2BDB267D00EF7D28 /* SearchGame.swift in Sources */ = {isa = PBXBuildFile; fileRef = F1856A2C2BDB267D00EF7D28 /* SearchGame.swift */; };
		F19BFAA42BCA1C4C00DE925A /* Kingfisher in Frameworks */ = {isa = PBXBuildFile; productRef = F19BFAA32BCA1C4C00DE925A /* Kingfisher */; };
		F1A64B3A2BB25BF1008646C9 /* GameStreamApp.swift in Sources */ = {isa = PBXBuildFile; fileRef = F1A64B392BB25BF1008646C9 /* GameStreamApp.swift */; };
		F1A64B3C2BB25BF1008646C9 /* ContentView.swift in Sources */ = {isa = PBXBuildFile; fileRef = F1A64B3B2BB25BF1008646C9 /* ContentView.swift */; };
		F1A64B3E2BB25BF2008646C9 /* Assets.xcassets in Resources */ = {isa = PBXBuildFile; fileRef = F1A64B3D2BB25BF2008646C9 /* Assets.xcassets */; };
		F1A64B412BB25BF2008646C9 /* Preview Assets.xcassets in Resources */ = {isa = PBXBuildFile; fileRef = F1A64B402BB25BF2008646C9 /* Preview Assets.xcassets */; };
		F1A64B4B2BB261C7008646C9 /* LoginSignup.swift in Sources */ = {isa = PBXBuildFile; fileRef = F1A64B4A2BB261C7008646C9 /* LoginSignup.swift */; };
		F1C955F22BD0A37400D6F62C /* Game.swift in Sources */ = {isa = PBXBuildFile; fileRef = F1C955F12BD0A37400D6F62C /* Game.swift */; };
		F1CFEE112BBE258600B1A218 /* Model.swift in Sources */ = {isa = PBXBuildFile; fileRef = F1CFEE102BBE258600B1A218 /* Model.swift */; };
		F1CFEE132BBE258F00B1A218 /* ViewModel.swift in Sources */ = {isa = PBXBuildFile; fileRef = F1CFEE122BBE258F00B1A218 /* ViewModel.swift */; };
/* End PBXBuildFile section */

/* Begin PBXFileReference section */
		F11B54FC2BB8802D0010CE0A /* TabNavigation.swift */ = {isa = PBXFileReference; lastKnownFileType = sourcecode.swift; path = TabNavigation.swift; sourceTree = "<group>"; };
		F120C5142BB3A8D8001D26CC /* Login.swift */ = {isa = PBXFileReference; lastKnownFileType = sourcecode.swift; path = Login.swift; sourceTree = "<group>"; };
		F120C5162BB3A8E4001D26CC /* Register.swift */ = {isa = PBXFileReference; lastKnownFileType = sourcecode.swift; path = Register.swift; sourceTree = "<group>"; };
		F16D04682BB88B9D007BD0E9 /* Home.swift */ = {isa = PBXFileReference; lastKnownFileType = sourcecode.swift; path = Home.swift; sourceTree = "<group>"; };
		F16D046A2BB88BA7007BD0E9 /* Profile.swift */ = {isa = PBXFileReference; lastKnownFileType = sourcecode.swift; path = Profile.swift; sourceTree = "<group>"; };
		F16D046C2BB88BB6007BD0E9 /* Games.swift */ = {isa = PBXFileReference; lastKnownFileType = sourcecode.swift; path = Games.swift; sourceTree = "<group>"; };
		F16D046E2BB88BC0007BD0E9 /* Favorites.swift */ = {isa = PBXFileReference; lastKnownFileType = sourcecode.swift; path = Favorites.swift; sourceTree = "<group>"; };
		F1856A262BD87DB600EF7D28 /* VideoHeader.swift */ = {isa = PBXFileReference; lastKnownFileType = sourcecode.swift; path = VideoHeader.swift; sourceTree = "<group>"; };
		F1856A282BD9C1CF00EF7D28 /* VideoInfo.swift */ = {isa = PBXFileReference; lastKnownFileType = sourcecode.swift; path = VideoInfo.swift; sourceTree = "<group>"; };
		F1856A2A2BD9C96100EF7D28 /* ImageGallery.swift */ = {isa = PBXFileReference; lastKnownFileType = sourcecode.swift; path = ImageGallery.swift; sourceTree = "<group>"; };
		F1856A2C2BDB267D00EF7D28 /* SearchGame.swift */ = {isa = PBXFileReference; lastKnownFileType = sourcecode.swift; path = SearchGame.swift; sourceTree = "<group>"; };
		F1A64B362BB25BF1008646C9 /* GameStream.app */ = {isa = PBXFileReference; explicitFileType = wrapper.application; includeInIndex = 0; path = GameStream.app; sourceTree = BUILT_PRODUCTS_DIR; };
		F1A64B392BB25BF1008646C9 /* GameStreamApp.swift */ = {isa = PBXFileReference; lastKnownFileType = sourcecode.swift; path = GameStreamApp.swift; sourceTree = "<group>"; };
		F1A64B3B2BB25BF1008646C9 /* ContentView.swift */ = {isa = PBXFileReference; lastKnownFileType = sourcecode.swift; path = ContentView.swift; sourceTree = "<group>"; };
		F1A64B3D2BB25BF2008646C9 /* Assets.xcassets */ = {isa = PBXFileReference; lastKnownFileType = folder.assetcatalog; path = Assets.xcassets; sourceTree = "<group>"; };
		F1A64B402BB25BF2008646C9 /* Preview Assets.xcassets */ = {isa = PBXFileReference; lastKnownFileType = folder.assetcatalog; path = "Preview Assets.xcassets"; sourceTree = "<group>"; };
		F1A64B4A2BB261C7008646C9 /* LoginSignup.swift */ = {isa = PBXFileReference; lastKnownFileType = sourcecode.swift; path = LoginSignup.swift; sourceTree = "<group>"; };
		F1C955F12BD0A37400D6F62C /* Game.swift */ = {isa = PBXFileReference; lastKnownFileType = sourcecode.swift; path = Game.swift; sourceTree = "<group>"; };
		F1CFEE102BBE258600B1A218 /* Model.swift */ = {isa = PBXFileReference; lastKnownFileType = sourcecode.swift; path = Model.swift; sourceTree = "<group>"; };
		F1CFEE122BBE258F00B1A218 /* ViewModel.swift */ = {isa = PBXFileReference; lastKnownFileType = sourcecode.swift; path = ViewModel.swift; sourceTree = "<group>"; };
/* End PBXFileReference section */

/* Begin PBXFrameworksBuildPhase section */
		F1A64B332BB25BF1008646C9 /* Frameworks */ = {
			isa = PBXFrameworksBuildPhase;
			buildActionMask = 2147483647;
			files = (
				F19BFAA42BCA1C4C00DE925A /* Kingfisher in Frameworks */,
			);
			runOnlyForDeploymentPostprocessing = 0;
		};
/* End PBXFrameworksBuildPhase section */

/* Begin PBXGroup section */
		F120C5132BB3A8CC001D26CC /* Views */ = {
			isa = PBXGroup;
			children = (
				F1A64B3B2BB25BF1008646C9 /* ContentView.swift */,
				F16D04682BB88B9D007BD0E9 /* Home.swift */,
				F16D046A2BB88BA7007BD0E9 /* Profile.swift */,
				F16D046C2BB88BB6007BD0E9 /* Games.swift */,
				F16D046E2BB88BC0007BD0E9 /* Favorites.swift */,
				F1C955F12BD0A37400D6F62C /* Game.swift */,
			);
			path = Views;
			sourceTree = "<group>";
		};
		F1A64B2D2BB25BF1008646C9 = {
			isa = PBXGroup;
			children = (
				F1A64B382BB25BF1008646C9 /* GameStream */,
				F1A64B372BB25BF1008646C9 /* Products */,
			);
			sourceTree = "<group>";
		};
		F1A64B372BB25BF1008646C9 /* Products */ = {
			isa = PBXGroup;
			children = (
				F1A64B362BB25BF1008646C9 /* GameStream.app */,
			);
			name = Products;
			sourceTree = "<group>";
		};
		F1A64B382BB25BF1008646C9 /* GameStream */ = {
			isa = PBXGroup;
			children = (
				F1CFEE0F2BBE254D00B1A218 /* ViewModels */,
				F1CFEE0E2BBE254700B1A218 /* Models */,
				F120C5132BB3A8CC001D26CC /* Views */,
				F1A64B492BB261B7008646C9 /* Components */,
				F1A64B392BB25BF1008646C9 /* GameStreamApp.swift */,
				F1A64B3D2BB25BF2008646C9 /* Assets.xcassets */,
				F1A64B3F2BB25BF2008646C9 /* Preview Content */,
			);
			path = GameStream;
			sourceTree = "<group>";
		};
		F1A64B3F2BB25BF2008646C9 /* Preview Content */ = {
			isa = PBXGroup;
			children = (
				F1A64B402BB25BF2008646C9 /* Preview Assets.xcassets */,
			);
			path = "Preview Content";
			sourceTree = "<group>";
		};
		F1A64B492BB261B7008646C9 /* Components */ = {
			isa = PBXGroup;
			children = (
				F120C5142BB3A8D8001D26CC /* Login.swift */,
				F120C5162BB3A8E4001D26CC /* Register.swift */,
				F11B54FC2BB8802D0010CE0A /* TabNavigation.swift */,
				F1A64B4A2BB261C7008646C9 /* LoginSignup.swift */,
				F1856A262BD87DB600EF7D28 /* VideoHeader.swift */,
				F1856A282BD9C1CF00EF7D28 /* VideoInfo.swift */,
				F1856A2A2BD9C96100EF7D28 /* ImageGallery.swift */,
			);
			path = Components;
			sourceTree = "<group>";
		};
		F1CFEE0E2BBE254700B1A218 /* Models */ = {
			isa = PBXGroup;
			children = (
				F1CFEE102BBE258600B1A218 /* Model.swift */,
			);
			path = Models;
			sourceTree = "<group>";
		};
		F1CFEE0F2BBE254D00B1A218 /* ViewModels */ = {
			isa = PBXGroup;
			children = (
				F1CFEE122BBE258F00B1A218 /* ViewModel.swift */,
				F1856A2C2BDB267D00EF7D28 /* SearchGame.swift */,
			);
			path = ViewModels;
			sourceTree = "<group>";
		};
/* End PBXGroup section */

/* Begin PBXNativeTarget section */
		F1A64B352BB25BF1008646C9 /* GameStream */ = {
			isa = PBXNativeTarget;
			buildConfigurationList = F1A64B442BB25BF2008646C9 /* Build configuration list for PBXNativeTarget "GameStream" */;
			buildPhases = (
				F1A64B322BB25BF1008646C9 /* Sources */,
				F1A64B332BB25BF1008646C9 /* Frameworks */,
				F1A64B342BB25BF1008646C9 /* Resources */,
			);
			buildRules = (
			);
			dependencies = (
			);
			name = GameStream;
			packageProductDependencies = (
				F19BFAA32BCA1C4C00DE925A /* Kingfisher */,
			);
			productName = GameStream;
			productReference = F1A64B362BB25BF1008646C9 /* GameStream.app */;
			productType = "com.apple.product-type.application";
		};
/* End PBXNativeTarget section */

/* Begin PBXProject section */
		F1A64B2E2BB25BF1008646C9 /* Project object */ = {
			isa = PBXProject;
			attributes = {
				BuildIndependentTargetsInParallel = 1;
				LastSwiftUpdateCheck = 1510;
				LastUpgradeCheck = 1510;
				TargetAttributes = {
					F1A64B352BB25BF1008646C9 = {
						CreatedOnToolsVersion = 15.1;
					};
				};
			};
			buildConfigurationList = F1A64B312BB25BF1008646C9 /* Build configuration list for PBXProject "GameStream" */;
			compatibilityVersion = "Xcode 14.0";
			developmentRegion = en;
			hasScannedForEncodings = 0;
			knownRegions = (
				en,
				Base,
			);
			mainGroup = F1A64B2D2BB25BF1008646C9;
			packageReferences = (
				F19BFAA22BCA1C4C00DE925A /* XCRemoteSwiftPackageReference "Kingfisher" */,
			);
			productRefGroup = F1A64B372BB25BF1008646C9 /* Products */;
			projectDirPath = "";
			projectRoot = "";
			targets = (
				F1A64B352BB25BF1008646C9 /* GameStream */,
			);
		};
/* End PBXProject section */

/* Begin PBXResourcesBuildPhase section */
		F1A64B342BB25BF1008646C9 /* Resources */ = {
			isa = PBXResourcesBuildPhase;
			buildActionMask = 2147483647;
			files = (
				F1A64B412BB25BF2008646C9 /* Preview Assets.xcassets in Resources */,
				F1A64B3E2BB25BF2008646C9 /* Assets.xcassets in Resources */,
			);
			runOnlyForDeploymentPostprocessing = 0;
		};
/* End PBXResourcesBuildPhase section */

/* Begin PBXSourcesBuildPhase section */
		F1A64B322BB25BF1008646C9 /* Sources */ = {
			isa = PBXSourcesBuildPhase;
			buildActionMask = 2147483647;
			files = (
				F1856A2B2BD9C96100EF7D28 /* ImageGallery.swift in Sources */,
				F1A64B4B2BB261C7008646C9 /* LoginSignup.swift in Sources */,
				F1856A2D2BDB267D00EF7D28 /* SearchGame.swift in Sources */,
				F16D046B2BB88BA7007BD0E9 /* Profile.swift in Sources */,
				F120C5172BB3A8E4001D26CC /* Register.swift in Sources */,
				F1C955F22BD0A37400D6F62C /* Game.swift in Sources */,
				F16D046F2BB88BC0007BD0E9 /* Favorites.swift in Sources */,
				F16D046D2BB88BB6007BD0E9 /* Games.swift in Sources */,
				F1856A272BD87DB600EF7D28 /* VideoHeader.swift in Sources */,
				F1A64B3C2BB25BF1008646C9 /* ContentView.swift in Sources */,
				F120C5152BB3A8D8001D26CC /* Login.swift in Sources */,
				F11B54FD2BB8802D0010CE0A /* TabNavigation.swift in Sources */,
				F1CFEE112BBE258600B1A218 /* Model.swift in Sources */,
				F1A64B3A2BB25BF1008646C9 /* GameStreamApp.swift in Sources */,
				F1856A292BD9C1CF00EF7D28 /* VideoInfo.swift in Sources */,
				F1CFEE132BBE258F00B1A218 /* ViewModel.swift in Sources */,
				F16D04692BB88B9D007BD0E9 /* Home.swift in Sources */,
			);
			runOnlyForDeploymentPostprocessing = 0;
		};
/* End PBXSourcesBuildPhase section */

/* Begin XCBuildConfiguration section */
		F1A64B422BB25BF2008646C9 /* Debug */ = {
			isa = XCBuildConfiguration;
			buildSettings = {
				ALWAYS_SEARCH_USER_PATHS = NO;
				ASSETCATALOG_COMPILER_GENERATE_SWIFT_ASSET_SYMBOL_EXTENSIONS = YES;
				CLANG_ANALYZER_NONNULL = YES;
				CLANG_ANALYZER_NUMBER_OBJECT_CONVERSION = YES_AGGRESSIVE;
				CLANG_CXX_LANGUAGE_STANDARD = "gnu++20";
				CLANG_ENABLE_MODULES = YES;
				CLANG_ENABLE_OBJC_ARC = YES;
				CLANG_ENABLE_OBJC_WEAK = YES;
				CLANG_WARN_BLOCK_CAPTURE_AUTORELEASING = YES;
				CLANG_WARN_BOOL_CONVERSION = YES;
				CLANG_WARN_COMMA = YES;
				CLANG_WARN_CONSTANT_CONVERSION = YES;
				CLANG_WARN_DEPRECATED_OBJC_IMPLEMENTATIONS = YES;
				CLANG_WARN_DIRECT_OBJC_ISA_USAGE = YES_ERROR;
				CLANG_WARN_DOCUMENTATION_COMMENTS = YES;
				CLANG_WARN_EMPTY_BODY = YES;
				CLANG_WARN_ENUM_CONVERSION = YES;
				CLANG_WARN_INFINITE_RECURSION = YES;
				CLANG_WARN_INT_CONVERSION = YES;
				CLANG_WARN_NON_LITERAL_NULL_CONVERSION = YES;
				CLANG_WARN_OBJC_IMPLICIT_RETAIN_SELF = YES;
				CLANG_WARN_OBJC_LITERAL_CONVERSION = YES;
				CLANG_WARN_OBJC_ROOT_CLASS = YES_ERROR;
				CLANG_WARN_QUOTED_INCLUDE_IN_FRAMEWORK_HEADER = YES;
				CLANG_WARN_RANGE_LOOP_ANALYSIS = YES;
				CLANG_WARN_STRICT_PROTOTYPES = YES;
				CLANG_WARN_SUSPICIOUS_MOVE = YES;
				CLANG_WARN_UNGUARDED_AVAILABILITY = YES_AGGRESSIVE;
				CLANG_WARN_UNREACHABLE_CODE = YES;
				CLANG_WARN__DUPLICATE_METHOD_MATCH = YES;
				COPY_PHASE_STRIP = NO;
				DEBUG_INFORMATION_FORMAT = dwarf;
				ENABLE_STRICT_OBJC_MSGSEND = YES;
				ENABLE_TESTABILITY = YES;
				ENABLE_USER_SCRIPT_SANDBOXING = YES;
				GCC_C_LANGUAGE_STANDARD = gnu17;
				GCC_DYNAMIC_NO_PIC = NO;
				GCC_NO_COMMON_BLOCKS = YES;
				GCC_OPTIMIZATION_LEVEL = 0;
				GCC_PREPROCESSOR_DEFINITIONS = (
					"DEBUG=1",
					"$(inherited)",
				);
				GCC_WARN_64_TO_32_BIT_CONVERSION = YES;
				GCC_WARN_ABOUT_RETURN_TYPE = YES_ERROR;
				GCC_WARN_UNDECLARED_SELECTOR = YES;
				GCC_WARN_UNINITIALIZED_AUTOS = YES_AGGRESSIVE;
				GCC_WARN_UNUSED_FUNCTION = YES;
				GCC_WARN_UNUSED_VARIABLE = YES;
				IPHONEOS_DEPLOYMENT_TARGET = 17.2;
				LOCALIZATION_PREFERS_STRING_CATALOGS = YES;
				MTL_ENABLE_DEBUG_INFO = INCLUDE_SOURCE;
				MTL_FAST_MATH = YES;
				ONLY_ACTIVE_ARCH = YES;
				SDKROOT = iphoneos;
				SWIFT_ACTIVE_COMPILATION_CONDITIONS = "DEBUG $(inherited)";
				SWIFT_OPTIMIZATION_LEVEL = "-Onone";
			};
			name = Debug;
		};
		F1A64B432BB25BF2008646C9 /* Release */ = {
			isa = XCBuildConfiguration;
			buildSettings = {
				ALWAYS_SEARCH_USER_PATHS = NO;
				ASSETCATALOG_COMPILER_GENERATE_SWIFT_ASSET_SYMBOL_EXTENSIONS = YES;
				CLANG_ANALYZER_NONNULL = YES;
				CLANG_ANALYZER_NUMBER_OBJECT_CONVERSION = YES_AGGRESSIVE;
				CLANG_CXX_LANGUAGE_STANDARD = "gnu++20";
				CLANG_ENABLE_MODULES = YES;
				CLANG_ENABLE_OBJC_ARC = YES;
				CLANG_ENABLE_OBJC_WEAK = YES;
				CLANG_WARN_BLOCK_CAPTURE_AUTORELEASING = YES;
				CLANG_WARN_BOOL_CONVERSION = YES;
				CLANG_WARN_COMMA = YES;
				CLANG_WARN_CONSTANT_CONVERSION = YES;
				CLANG_WARN_DEPRECATED_OBJC_IMPLEMENTATIONS = YES;
				CLANG_WARN_DIRECT_OBJC_ISA_USAGE = YES_ERROR;
				CLANG_WARN_DOCUMENTATION_COMMENTS = YES;
				CLANG_WARN_EMPTY_BODY = YES;
				CLANG_WARN_ENUM_CONVERSION = YES;
				CLANG_WARN_INFINITE_RECURSION = YES;
				CLANG_WARN_INT_CONVERSION = YES;
				CLANG_WARN_NON_LITERAL_NULL_CONVERSION = YES;
				CLANG_WARN_OBJC_IMPLICIT_RETAIN_SELF = YES;
				CLANG_WARN_OBJC_LITERAL_CONVERSION = YES;
				CLANG_WARN_OBJC_ROOT_CLASS = YES_ERROR;
				CLANG_WARN_QUOTED_INCLUDE_IN_FRAMEWORK_HEADER = YES;
				CLANG_WARN_RANGE_LOOP_ANALYSIS = YES;
				CLANG_WARN_STRICT_PROTOTYPES = YES;
				CLANG_WARN_SUSPICIOUS_MOVE = YES;
				CLANG_WARN_UNGUARDED_AVAILABILITY = YES_AGGRESSIVE;
				CLANG_WARN_UNREACHABLE_CODE = YES;
				CLANG_WARN__DUPLICATE_METHOD_MATCH = YES;
				COPY_PHASE_STRIP = NO;
				DEBUG_INFORMATION_FORMAT = "dwarf-with-dsym";
				ENABLE_NS_ASSERTIONS = NO;
				ENABLE_STRICT_OBJC_MSGSEND = YES;
				ENABLE_USER_SCRIPT_SANDBOXING = YES;
				GCC_C_LANGUAGE_STANDARD = gnu17;
				GCC_NO_COMMON_BLOCKS = YES;
				GCC_WARN_64_TO_32_BIT_CONVERSION = YES;
				GCC_WARN_ABOUT_RETURN_TYPE = YES_ERROR;
				GCC_WARN_UNDECLARED_SELECTOR = YES;
				GCC_WARN_UNINITIALIZED_AUTOS = YES_AGGRESSIVE;
				GCC_WARN_UNUSED_FUNCTION = YES;
				GCC_WARN_UNUSED_VARIABLE = YES;
				IPHONEOS_DEPLOYMENT_TARGET = 17.2;
				LOCALIZATION_PREFERS_STRING_CATALOGS = YES;
				MTL_ENABLE_DEBUG_INFO = NO;
				MTL_FAST_MATH = YES;
				SDKROOT = iphoneos;
				SWIFT_COMPILATION_MODE = wholemodule;
				VALIDATE_PRODUCT = YES;
			};
			name = Release;
		};
		F1A64B452BB25BF2008646C9 /* Debug */ = {
			isa = XCBuildConfiguration;
			buildSettings = {
				ASSETCATALOG_COMPILER_APPICON_NAME = AppIcon;
				ASSETCATALOG_COMPILER_GLOBAL_ACCENT_COLOR_NAME = AccentColor;
				CODE_SIGN_STYLE = Automatic;
				CURRENT_PROJECT_VERSION = 1;
				DEVELOPMENT_ASSET_PATHS = "\"GameStream/Preview Content\"";
				DEVELOPMENT_TEAM = 75V9XUW37H;
				ENABLE_PREVIEWS = YES;
				GENERATE_INFOPLIST_FILE = YES;
				INFOPLIST_KEY_UIApplicationSceneManifest_Generation = YES;
				INFOPLIST_KEY_UIApplicationSupportsIndirectInputEvents = YES;
				INFOPLIST_KEY_UILaunchScreen_Generation = YES;
				INFOPLIST_KEY_UISupportedInterfaceOrientations_iPad = "UIInterfaceOrientationPortrait UIInterfaceOrientationPortraitUpsideDown UIInterfaceOrientationLandscapeLeft UIInterfaceOrientationLandscapeRight";
				INFOPLIST_KEY_UISupportedInterfaceOrientations_iPhone = "UIInterfaceOrientationPortrait UIInterfaceOrientationLandscapeLeft UIInterfaceOrientationLandscapeRight";
				LD_RUNPATH_SEARCH_PATHS = (
					"$(inherited)",
					"@executable_path/Frameworks",
				);
				MARKETING_VERSION = 1.0;
				PRODUCT_BUNDLE_IDENTIFIER = dev.victorvazquez.GameStream;
				PRODUCT_NAME = "$(TARGET_NAME)";
				SWIFT_EMIT_LOC_STRINGS = YES;
				SWIFT_VERSION = 5.0;
				TARGETED_DEVICE_FAMILY = "1,2";
			};
			name = Debug;
		};
		F1A64B462BB25BF2008646C9 /* Release */ = {
			isa = XCBuildConfiguration;
			buildSettings = {
				ASSETCATALOG_COMPILER_APPICON_NAME = AppIcon;
				ASSETCATALOG_COMPILER_GLOBAL_ACCENT_COLOR_NAME = AccentColor;
				CODE_SIGN_STYLE = Automatic;
				CURRENT_PROJECT_VERSION = 1;
				DEVELOPMENT_ASSET_PATHS = "\"GameStream/Preview Content\"";
				DEVELOPMENT_TEAM = 75V9XUW37H;
				ENABLE_PREVIEWS = YES;
				GENERATE_INFOPLIST_FILE = YES;
				INFOPLIST_KEY_UIApplicationSceneManifest_Generation = YES;
				INFOPLIST_KEY_UIApplicationSupportsIndirectInputEvents = YES;
				INFOPLIST_KEY_UILaunchScreen_Generation = YES;
				INFOPLIST_KEY_UISupportedInterfaceOrientations_iPad = "UIInterfaceOrientationPortrait UIInterfaceOrientationPortraitUpsideDown UIInterfaceOrientationLandscapeLeft UIInterfaceOrientationLandscapeRight";
				INFOPLIST_KEY_UISupportedInterfaceOrientations_iPhone = "UIInterfaceOrientationPortrait UIInterfaceOrientationLandscapeLeft UIInterfaceOrientationLandscapeRight";
				LD_RUNPATH_SEARCH_PATHS = (
					"$(inherited)",
					"@executable_path/Frameworks",
				);
				MARKETING_VERSION = 1.0;
				PRODUCT_BUNDLE_IDENTIFIER = dev.victorvazquez.GameStream;
				PRODUCT_NAME = "$(TARGET_NAME)";
				SWIFT_EMIT_LOC_STRINGS = YES;
				SWIFT_VERSION = 5.0;
				TARGETED_DEVICE_FAMILY = "1,2";
			};
			name = Release;
		};
/* End XCBuildConfiguration section */

/* Begin XCConfigurationList section */
		F1A64B312BB25BF1008646C9 /* Build configuration list for PBXProject "GameStream" */ = {
			isa = XCConfigurationList;
			buildConfigurations = (
				F1A64B422BB25BF2008646C9 /* Debug */,
				F1A64B432BB25BF2008646C9 /* Release */,
			);
			defaultConfigurationIsVisible = 0;
			defaultConfigurationName = Release;
		};
		F1A64B442BB25BF2008646C9 /* Build configuration list for PBXNativeTarget "GameStream" */ = {
			isa = XCConfigurationList;
			buildConfigurations = (
				F1A64B452BB25BF2008646C9 /* Debug */,
				F1A64B462BB25BF2008646C9 /* Release */,
			);
			defaultConfigurationIsVisible = 0;
			defaultConfigurationName = Release;
		};
/* End XCConfigurationList section */

/* Begin XCRemoteSwiftPackageReference section */
		F19BFAA22BCA1C4C00DE925A /* XCRemoteSwiftPackageReference "Kingfisher" */ = {
			isa = XCRemoteSwiftPackageReference;
			repositoryURL = "https://github.com/onevcat/Kingfisher";
			requirement = {
				kind = upToNextMajorVersion;
				minimumVersion = 7.11.0;
			};
		};
/* End XCRemoteSwiftPackageReference section */

/* Begin XCSwiftPackageProductDependency section */
		F19BFAA32BCA1C4C00DE925A /* Kingfisher */ = {
			isa = XCSwiftPackageProductDependency;
			package = F19BFAA22BCA1C4C00DE925A /* XCRemoteSwiftPackageReference "Kingfisher" */;
			productName = Kingfisher;
		};
/* End XCSwiftPackageProductDependency section */
	};
	rootObject = F1A64B2E2BB25BF1008646C9 /* Project object */;
}
